PODS:
  - AFNetworking/Serialization (2.3.1)
  - AnimatedGIFImageSerialization (0.2.0)
  - Expecta (0.3.1)
  - Expecta+Snapshots (1.2.1):
    - Expecta
    - FBSnapshotTestCase
  - FBSnapshotTestCase (1.1)
  - Giphy-iOS (0.1.0):
    - AFNetworking/Serialization (~> 2.3.1)
  - Specta (0.2.1)

DEPENDENCIES:
  - AFNetworking/Serialization (~> 2.3.1)
  - AnimatedGIFImageSerialization (~> 0.2.0)
  - Expecta
  - Expecta+Snapshots
  - FBSnapshotTestCase
  - Giphy-iOS (from `../`)
  - Specta (~> 0.2.1)

EXTERNAL SOURCES:
  Giphy-iOS:
    :path: ../

SPEC CHECKSUMS:
  AFNetworking: 6d7b76aa5d04c8c37daad3eef4b7e3f2a7620da3
  AnimatedGIFImageSerialization: ee2b8f04ec1143dd196cac160a7b119753891825
  Expecta: 03aabd0a89d8dea843baecb19a7fd7466a69a31d
  Expecta+Snapshots: 30c28e3d8104665ee70e32df1cfc030bb37a8a6c
  FBSnapshotTestCase: 9053afee1d66b4c7c313fcb0ae582a5e47bea9d0
  Giphy-iOS: 55544a92766daadd30503e3e505498d87a7d3105
  Specta: 9141310f46b1f68b676650ff2854e1ed0b74163a

COCOAPODS: 0.33.1
